
Microsoft Visual Studio Solution File, Format Version 12.00
# Visual Studio Version 17
VisualStudioVersion = 17.3.32922.545
MinimumVisualStudioVersion = 10.0.40219.1
Project("{FAE04EC0-301F-11D3-BF4B-00C04F79EFBC}") = "AngularAccelerationTweaks", "AngularAccelerationTweaks.csproj", "{B76376A7-1103-4761-8172-B7C17035A3E5}"
EndProject
Global
	GlobalSection(SolutionConfigurationPlatforms) = preSolution
		Debug|Any CPU = Debug|Any CPU
		Release|Any CPU = Release|Any CPU
	EndGlobalSection
	GlobalSection(ProjectConfigurationPlatforms) = postSolution
		{B76376A7-1103-4761-8172-B7C17035A3E5}.Debug|Any CPU.ActiveCfg = Debug|Any CPU
		{B76376A7-1103-4761-8172-B7C17035A3E5}.Debug|Any CPU.Build.0 = Debug|Any CPU
		{B76376A7-1103-4761-8172-B7C17035A3E5}.Release|Any CPU.ActiveCfg = Release|Any CPU
		{B76376A7-1103-4761-8172-B7C17035A3E5}.Release|Any CPU.Build.0 = Release|Any CPU
	EndGlobalSection
	GlobalSection(SolutionProperties) = preSolution
		HideSolutionNode = FALSE
	EndGlobalSection
	GlobalSection(ExtensibilityGlobals) = postSolution
		SolutionGuid = {8C193D67-6674-4C24-87B2-D117CD4DBECA}
	EndGlobalSection
EndGlobal
